
Microsoft Visual Studio Solution File, Format Version 12.00
# Visual Studio Version 17
VisualStudioVersion = 17.0.31903.59
MinimumVisualStudioVersion = 10.0.40219.1
Project("{FAE04EC0-301F-11D3-BF4B-00C04F79EFBC}") = "Perona.Api", "Perona.Api\Perona.Api.csproj", "{DE8D6F6F-A0DD-4B21-9AC0-AE02D235ED43}"
EndProject
Project("{FAE04EC0-301F-11D3-BF4B-00C04F79EFBC}") = "Persona.Application", "Persona.Application\Persona.Application.csproj", "{3BE608BD-A4B8-49BF-85F6-18D7E2A113F8}"
EndProject
Project("{FAE04EC0-301F-11D3-BF4B-00C04F79EFBC}") = "Persona.Domain", "Persona.Domain\Persona.Domain.csproj", "{60B594BE-AE1C-4B8F-A3B6-E5C802EF1485}"
EndProject
Project("{FAE04EC0-301F-11D3-BF4B-00C04F79EFBC}") = "Persona.Infraestructure", "Persona.Infraestructure\Persona.Infraestructure.csproj", "{41792CDB-3BE5-4439-A010-5D408304023C}"
EndProject
Global
	GlobalSection(SolutionConfigurationPlatforms) = preSolution
		Debug|Any CPU = Debug|Any CPU
		Release|Any CPU = Release|Any CPU
	EndGlobalSection
	GlobalSection(ProjectConfigurationPlatforms) = postSolution
		{DE8D6F6F-A0DD-4B21-9AC0-AE02D235ED43}.Debug|Any CPU.ActiveCfg = Debug|Any CPU
		{DE8D6F6F-A0DD-4B21-9AC0-AE02D235ED43}.Debug|Any CPU.Build.0 = Debug|Any CPU
		{DE8D6F6F-A0DD-4B21-9AC0-AE02D235ED43}.Release|Any CPU.ActiveCfg = Release|Any CPU
		{DE8D6F6F-A0DD-4B21-9AC0-AE02D235ED43}.Release|Any CPU.Build.0 = Release|Any CPU
		{3BE608BD-A4B8-49BF-85F6-18D7E2A113F8}.Debug|Any CPU.ActiveCfg = Debug|Any CPU
		{3BE608BD-A4B8-49BF-85F6-18D7E2A113F8}.Debug|Any CPU.Build.0 = Debug|Any CPU
		{3BE608BD-A4B8-49BF-85F6-18D7E2A113F8}.Release|Any CPU.ActiveCfg = Release|Any CPU
		{3BE608BD-A4B8-49BF-85F6-18D7E2A113F8}.Release|Any CPU.Build.0 = Release|Any CPU
		{60B594BE-AE1C-4B8F-A3B6-E5C802EF1485}.Debug|Any CPU.ActiveCfg = Debug|Any CPU
		{60B594BE-AE1C-4B8F-A3B6-E5C802EF1485}.Debug|Any CPU.Build.0 = Debug|Any CPU
		{60B594BE-AE1C-4B8F-A3B6-E5C802EF1485}.Release|Any CPU.ActiveCfg = Release|Any CPU
		{60B594BE-AE1C-4B8F-A3B6-E5C802EF1485}.Release|Any CPU.Build.0 = Release|Any CPU
		{41792CDB-3BE5-4439-A010-5D408304023C}.Debug|Any CPU.ActiveCfg = Debug|Any CPU
		{41792CDB-3BE5-4439-A010-5D408304023C}.Debug|Any CPU.Build.0 = Debug|Any CPU
		{41792CDB-3BE5-4439-A010-5D408304023C}.Release|Any CPU.ActiveCfg = Release|Any CPU
		{41792CDB-3BE5-4439-A010-5D408304023C}.Release|Any CPU.Build.0 = Release|Any CPU
	EndGlobalSection
	GlobalSection(SolutionProperties) = preSolution
		HideSolutionNode = FALSE
	EndGlobalSection
	GlobalSection(ExtensibilityGlobals) = postSolution
		SolutionGuid = {4DD8E2D9-77B2-4EE1-AC67-8AFE0308CE40}
	EndGlobalSection
EndGlobal
